
Microsoft Visual Studio Solution File, Format Version 12.00
# Visual Studio Version 17
VisualStudioVersion = 17.3.32819.101
MinimumVisualStudioVersion = 10.0.40219.1
Project("{FAE04EC0-301F-11D3-BF4B-00C04F79EFBC}") = "CODE_Interpreter", "CODE_Interpreter.csproj", "{4E494B2A-38A7-43BA-9DAA-9FBABE5207B3}"
EndProject
Global
	GlobalSection(SolutionConfigurationPlatforms) = preSolution
		Debug|Any CPU = Debug|Any CPU
		Release|Any CPU = Release|Any CPU
	EndGlobalSection
	GlobalSection(ProjectConfigurationPlatforms) = postSolution
		{4E494B2A-38A7-43BA-9DAA-9FBABE5207B3}.Debug|Any CPU.ActiveCfg = Debug|Any CPU
		{4E494B2A-38A7-43BA-9DAA-9FBABE5207B3}.Debug|Any CPU.Build.0 = Debug|Any CPU
		{4E494B2A-38A7-43BA-9DAA-9FBABE5207B3}.Release|Any CPU.ActiveCfg = Release|Any CPU
		{4E494B2A-38A7-43BA-9DAA-9FBABE5207B3}.Release|Any CPU.Build.0 = Release|Any CPU
	EndGlobalSection
	GlobalSection(SolutionProperties) = preSolution
		HideSolutionNode = FALSE
	EndGlobalSection
	GlobalSection(ExtensibilityGlobals) = postSolution
		SolutionGuid = {48F88810-C0CB-440E-A3D3-C5BDCBD9A76F}
	EndGlobalSection
EndGlobal
